
Microsoft Visual Studio Solution File, Format Version 12.00
# Visual Studio Version 16
VisualStudioVersion = 16.0.29905.134
MinimumVisualStudioVersion = 10.0.40219.1
Project("{9A19103F-16F7-4668-BE54-9A1E7A4F7556}") = "Demo.UI", "Demo.Front.UI\Demo.UI.csproj", "{4FA8CA3F-46D6-4C51-8006-32936E511C82}"
EndProject
Global
	GlobalSection(SolutionConfigurationPlatforms) = preSolution
		Debug|Any CPU = Debug|Any CPU
		Release|Any CPU = Release|Any CPU
	EndGlobalSection
	GlobalSection(ProjectConfigurationPlatforms) = postSolution
		{4FA8CA3F-46D6-4C51-8006-32936E511C82}.Debug|Any CPU.ActiveCfg = Debug|Any CPU
		{4FA8CA3F-46D6-4C51-8006-32936E511C82}.Debug|Any CPU.Build.0 = Debug|Any CPU
		{4FA8CA3F-46D6-4C51-8006-32936E511C82}.Release|Any CPU.ActiveCfg = Release|Any CPU
		{4FA8CA3F-46D6-4C51-8006-32936E511C82}.Release|Any CPU.Build.0 = Release|Any CPU
	EndGlobalSection
	GlobalSection(SolutionProperties) = preSolution
		HideSolutionNode = FALSE
	EndGlobalSection
	GlobalSection(ExtensibilityGlobals) = postSolution
		SolutionGuid = {A5586C6A-B2D7-464D-B395-E898AB96FEDA}
	EndGlobalSection
EndGlobal
